
Microsoft Visual Studio Solution File, Format Version 12.00
# Visual Studio 15
VisualStudioVersion = 15.0.28307.572
MinimumVisualStudioVersion = 10.0.40219.1
Project("{FAE04EC0-301F-11D3-BF4B-00C04F79EFBC}") = "jAVAsCRİPT", "jAVAsCRİPT\jAVAsCRİPT.csproj", "{815AEA0E-7950-415B-BFF0-E5962E1E4354}"
EndProject
Global
	GlobalSection(SolutionConfigurationPlatforms) = preSolution
		Debug|Any CPU = Debug|Any CPU
		Release|Any CPU = Release|Any CPU
	EndGlobalSection
	GlobalSection(ProjectConfigurationPlatforms) = postSolution
		{815AEA0E-7950-415B-BFF0-E5962E1E4354}.Debug|Any CPU.ActiveCfg = Debug|Any CPU
		{815AEA0E-7950-415B-BFF0-E5962E1E4354}.Debug|Any CPU.Build.0 = Debug|Any CPU
		{815AEA0E-7950-415B-BFF0-E5962E1E4354}.Release|Any CPU.ActiveCfg = Release|Any CPU
		{815AEA0E-7950-415B-BFF0-E5962E1E4354}.Release|Any CPU.Build.0 = Release|Any CPU
	EndGlobalSection
	GlobalSection(SolutionProperties) = preSolution
		HideSolutionNode = FALSE
	EndGlobalSection
	GlobalSection(ExtensibilityGlobals) = postSolution
		SolutionGuid = {2A139A30-37CD-4DE5-A978-5964AA5A98A4}
	EndGlobalSection
EndGlobal
